
Microsoft Visual Studio Solution File, Format Version 12.00
# Visual Studio 15
VisualStudioVersion = 15.0.27703.2042
MinimumVisualStudioVersion = 10.0.40219.1
Project("{FAE04EC0-301F-11D3-BF4B-00C04F79EFBC}") = "Redirect", "Redirect\Redirect.csproj", "{DAD3A723-4040-445D-B0BA-E352DDF36052}"
EndProject
Global
	GlobalSection(SolutionConfigurationPlatforms) = preSolution
		Debug|Any CPU = Debug|Any CPU
		Release|Any CPU = Release|Any CPU
	EndGlobalSection
	GlobalSection(ProjectConfigurationPlatforms) = postSolution
		{DAD3A723-4040-445D-B0BA-E352DDF36052}.Debug|Any CPU.ActiveCfg = Debug|Any CPU
		{DAD3A723-4040-445D-B0BA-E352DDF36052}.Debug|Any CPU.Build.0 = Debug|Any CPU
		{DAD3A723-4040-445D-B0BA-E352DDF36052}.Release|Any CPU.ActiveCfg = Release|Any CPU
		{DAD3A723-4040-445D-B0BA-E352DDF36052}.Release|Any CPU.Build.0 = Release|Any CPU
	EndGlobalSection
	GlobalSection(SolutionProperties) = preSolution
		HideSolutionNode = FALSE
	EndGlobalSection
	GlobalSection(ExtensibilityGlobals) = postSolution
		SolutionGuid = {7FC751DC-CC2F-443C-82D5-98F21D40B2E9}
	EndGlobalSection
EndGlobal
